
Microsoft Visual Studio Solution File, Format Version 12.00
# Visual Studio Version 16
VisualStudioVersion = 16.0.31129.286
MinimumVisualStudioVersion = 10.0.40219.1
Project("{FAE04EC0-301F-11D3-BF4B-00C04F79EFBC}") = "14.04.2021", "14.04.2021\14.04.2021.csproj", "{7EF5E016-1792-4BFA-9A8B-E01478B30DEE}"
EndProject
Global
	GlobalSection(SolutionConfigurationPlatforms) = preSolution
		Debug|Any CPU = Debug|Any CPU
		Release|Any CPU = Release|Any CPU
	EndGlobalSection
	GlobalSection(ProjectConfigurationPlatforms) = postSolution
		{7EF5E016-1792-4BFA-9A8B-E01478B30DEE}.Debug|Any CPU.ActiveCfg = Debug|Any CPU
		{7EF5E016-1792-4BFA-9A8B-E01478B30DEE}.Debug|Any CPU.Build.0 = Debug|Any CPU
		{7EF5E016-1792-4BFA-9A8B-E01478B30DEE}.Release|Any CPU.ActiveCfg = Release|Any CPU
		{7EF5E016-1792-4BFA-9A8B-E01478B30DEE}.Release|Any CPU.Build.0 = Release|Any CPU
	EndGlobalSection
	GlobalSection(SolutionProperties) = preSolution
		HideSolutionNode = FALSE
	EndGlobalSection
	GlobalSection(ExtensibilityGlobals) = postSolution
		SolutionGuid = {D7B4741C-B466-4FD9-AAE4-835B226AF753}
	EndGlobalSection
EndGlobal
